
Microsoft Visual Studio Solution File, Format Version 12.00
# Visual Studio 15
VisualStudioVersion = 15.0.26124.0
MinimumVisualStudioVersion = 15.0.26124.0
Project("{2150E333-8FDC-42A3-9474-1A3956D46DE8}") = "source", "source", "{1FDD4106-4B8D-41B2-919B-5B4E1BEB77A2}"
EndProject
Project("{FAE04EC0-301F-11D3-BF4B-00C04F79EFBC}") = "Pedido.Domain", "source\Pedido.Domain\Pedido.Domain.csproj", "{5DFEA5A6-CA1A-47A5-8D9A-9A99D0475C91}"
EndProject
Project("{2150E333-8FDC-42A3-9474-1A3956D46DE8}") = "tests", "tests", "{AC62BC7D-1CC6-4AAC-A5EC-8D1BA93DE8F0}"
EndProject
Project("{FAE04EC0-301F-11D3-BF4B-00C04F79EFBC}") = "Pedido.UnitTests", "tests\Pedido.UnitTests\Pedido.UnitTests.csproj", "{2AEAAB72-2A2A-4867-AADE-049D8F8C9398}"
EndProject
Project("{FAE04EC0-301F-11D3-BF4B-00C04F79EFBC}") = "Pedido.API", "Pedido.API\Pedido.API.csproj", "{2BE6949B-AB40-4D1D-862F-66A6CE5AAC7A}"
EndProject
Project("{2150E333-8FDC-42A3-9474-1A3956D46DE8}") = "application", "application", "{FEAAD885-042E-4511-81DF-E0D295A950D7}"
EndProject
Project("{FAE04EC0-301F-11D3-BF4B-00C04F79EFBC}") = "Pedido.API", "application\Pedido.API\Pedido.API.csproj", "{95557CBD-E65B-4B96-B554-58E3ABFFEF15}"
EndProject
Global
	GlobalSection(SolutionConfigurationPlatforms) = preSolution
		Debug|Any CPU = Debug|Any CPU
		Debug|x64 = Debug|x64
		Debug|x86 = Debug|x86
		Release|Any CPU = Release|Any CPU
		Release|x64 = Release|x64
		Release|x86 = Release|x86
	EndGlobalSection
	GlobalSection(SolutionProperties) = preSolution
		HideSolutionNode = FALSE
	EndGlobalSection
	GlobalSection(ProjectConfigurationPlatforms) = postSolution
		{5DFEA5A6-CA1A-47A5-8D9A-9A99D0475C91}.Debug|Any CPU.ActiveCfg = Debug|Any CPU
		{5DFEA5A6-CA1A-47A5-8D9A-9A99D0475C91}.Debug|Any CPU.Build.0 = Debug|Any CPU
		{5DFEA5A6-CA1A-47A5-8D9A-9A99D0475C91}.Debug|x64.ActiveCfg = Debug|Any CPU
		{5DFEA5A6-CA1A-47A5-8D9A-9A99D0475C91}.Debug|x64.Build.0 = Debug|Any CPU
		{5DFEA5A6-CA1A-47A5-8D9A-9A99D0475C91}.Debug|x86.ActiveCfg = Debug|Any CPU
		{5DFEA5A6-CA1A-47A5-8D9A-9A99D0475C91}.Debug|x86.Build.0 = Debug|Any CPU
		{5DFEA5A6-CA1A-47A5-8D9A-9A99D0475C91}.Release|Any CPU.ActiveCfg = Release|Any CPU
		{5DFEA5A6-CA1A-47A5-8D9A-9A99D0475C91}.Release|Any CPU.Build.0 = Release|Any CPU
		{5DFEA5A6-CA1A-47A5-8D9A-9A99D0475C91}.Release|x64.ActiveCfg = Release|Any CPU
		{5DFEA5A6-CA1A-47A5-8D9A-9A99D0475C91}.Release|x64.Build.0 = Release|Any CPU
		{5DFEA5A6-CA1A-47A5-8D9A-9A99D0475C91}.Release|x86.ActiveCfg = Release|Any CPU
		{5DFEA5A6-CA1A-47A5-8D9A-9A99D0475C91}.Release|x86.Build.0 = Release|Any CPU
		{2AEAAB72-2A2A-4867-AADE-049D8F8C9398}.Debug|Any CPU.ActiveCfg = Debug|Any CPU
		{2AEAAB72-2A2A-4867-AADE-049D8F8C9398}.Debug|Any CPU.Build.0 = Debug|Any CPU
		{2AEAAB72-2A2A-4867-AADE-049D8F8C9398}.Debug|x64.ActiveCfg = Debug|Any CPU
		{2AEAAB72-2A2A-4867-AADE-049D8F8C9398}.Debug|x64.Build.0 = Debug|Any CPU
		{2AEAAB72-2A2A-4867-AADE-049D8F8C9398}.Debug|x86.ActiveCfg = Debug|Any CPU
		{2AEAAB72-2A2A-4867-AADE-049D8F8C9398}.Debug|x86.Build.0 = Debug|Any CPU
		{2AEAAB72-2A2A-4867-AADE-049D8F8C9398}.Release|Any CPU.ActiveCfg = Release|Any CPU
		{2AEAAB72-2A2A-4867-AADE-049D8F8C9398}.Release|Any CPU.Build.0 = Release|Any CPU
		{2AEAAB72-2A2A-4867-AADE-049D8F8C9398}.Release|x64.ActiveCfg = Release|Any CPU
		{2AEAAB72-2A2A-4867-AADE-049D8F8C9398}.Release|x64.Build.0 = Release|Any CPU
		{2AEAAB72-2A2A-4867-AADE-049D8F8C9398}.Release|x86.ActiveCfg = Release|Any CPU
		{2AEAAB72-2A2A-4867-AADE-049D8F8C9398}.Release|x86.Build.0 = Release|Any CPU
		{2BE6949B-AB40-4D1D-862F-66A6CE5AAC7A}.Debug|Any CPU.ActiveCfg = Debug|Any CPU
		{2BE6949B-AB40-4D1D-862F-66A6CE5AAC7A}.Debug|Any CPU.Build.0 = Debug|Any CPU
		{2BE6949B-AB40-4D1D-862F-66A6CE5AAC7A}.Debug|x64.ActiveCfg = Debug|Any CPU
		{2BE6949B-AB40-4D1D-862F-66A6CE5AAC7A}.Debug|x64.Build.0 = Debug|Any CPU
		{2BE6949B-AB40-4D1D-862F-66A6CE5AAC7A}.Debug|x86.ActiveCfg = Debug|Any CPU
		{2BE6949B-AB40-4D1D-862F-66A6CE5AAC7A}.Debug|x86.Build.0 = Debug|Any CPU
		{2BE6949B-AB40-4D1D-862F-66A6CE5AAC7A}.Release|Any CPU.ActiveCfg = Release|Any CPU
		{2BE6949B-AB40-4D1D-862F-66A6CE5AAC7A}.Release|Any CPU.Build.0 = Release|Any CPU
		{2BE6949B-AB40-4D1D-862F-66A6CE5AAC7A}.Release|x64.ActiveCfg = Release|Any CPU
		{2BE6949B-AB40-4D1D-862F-66A6CE5AAC7A}.Release|x64.Build.0 = Release|Any CPU
		{2BE6949B-AB40-4D1D-862F-66A6CE5AAC7A}.Release|x86.ActiveCfg = Release|Any CPU
		{2BE6949B-AB40-4D1D-862F-66A6CE5AAC7A}.Release|x86.Build.0 = Release|Any CPU
		{95557CBD-E65B-4B96-B554-58E3ABFFEF15}.Debug|Any CPU.ActiveCfg = Debug|Any CPU
		{95557CBD-E65B-4B96-B554-58E3ABFFEF15}.Debug|Any CPU.Build.0 = Debug|Any CPU
		{95557CBD-E65B-4B96-B554-58E3ABFFEF15}.Debug|x64.ActiveCfg = Debug|Any CPU
		{95557CBD-E65B-4B96-B554-58E3ABFFEF15}.Debug|x64.Build.0 = Debug|Any CPU
		{95557CBD-E65B-4B96-B554-58E3ABFFEF15}.Debug|x86.ActiveCfg = Debug|Any CPU
		{95557CBD-E65B-4B96-B554-58E3ABFFEF15}.Debug|x86.Build.0 = Debug|Any CPU
		{95557CBD-E65B-4B96-B554-58E3ABFFEF15}.Release|Any CPU.ActiveCfg = Release|Any CPU
		{95557CBD-E65B-4B96-B554-58E3ABFFEF15}.Release|Any CPU.Build.0 = Release|Any CPU
		{95557CBD-E65B-4B96-B554-58E3ABFFEF15}.Release|x64.ActiveCfg = Release|Any CPU
		{95557CBD-E65B-4B96-B554-58E3ABFFEF15}.Release|x64.Build.0 = Release|Any CPU
		{95557CBD-E65B-4B96-B554-58E3ABFFEF15}.Release|x86.ActiveCfg = Release|Any CPU
		{95557CBD-E65B-4B96-B554-58E3ABFFEF15}.Release|x86.Build.0 = Release|Any CPU
	EndGlobalSection
	GlobalSection(NestedProjects) = preSolution
		{5DFEA5A6-CA1A-47A5-8D9A-9A99D0475C91} = {1FDD4106-4B8D-41B2-919B-5B4E1BEB77A2}
		{2AEAAB72-2A2A-4867-AADE-049D8F8C9398} = {AC62BC7D-1CC6-4AAC-A5EC-8D1BA93DE8F0}
		{95557CBD-E65B-4B96-B554-58E3ABFFEF15} = {FEAAD885-042E-4511-81DF-E0D295A950D7}
	EndGlobalSection
EndGlobal
